
Microsoft Visual Studio Solution File, Format Version 12.00
# Visual Studio Version 16
VisualStudioVersion = 16.0.31613.86
MinimumVisualStudioVersion = 10.0.40219.1
Project("{FAE04EC0-301F-11D3-BF4B-00C04F79EFBC}") = "Neo4jDriver.AzureFunction.DependencyInjection", "Neo4jDriver.AzureFunction.DependencyInjection\Neo4jDriver.AzureFunction.DependencyInjection.csproj", "{6C6BCE7E-2BDF-4ACF-A098-6C8CC53E8DD1}"
EndProject
Global
	GlobalSection(SolutionConfigurationPlatforms) = preSolution
		Debug|Any CPU = Debug|Any CPU
		Release|Any CPU = Release|Any CPU
	EndGlobalSection
	GlobalSection(ProjectConfigurationPlatforms) = postSolution
		{6C6BCE7E-2BDF-4ACF-A098-6C8CC53E8DD1}.Debug|Any CPU.ActiveCfg = Debug|Any CPU
		{6C6BCE7E-2BDF-4ACF-A098-6C8CC53E8DD1}.Debug|Any CPU.Build.0 = Debug|Any CPU
		{6C6BCE7E-2BDF-4ACF-A098-6C8CC53E8DD1}.Release|Any CPU.ActiveCfg = Release|Any CPU
		{6C6BCE7E-2BDF-4ACF-A098-6C8CC53E8DD1}.Release|Any CPU.Build.0 = Release|Any CPU
	EndGlobalSection
	GlobalSection(SolutionProperties) = preSolution
		HideSolutionNode = FALSE
	EndGlobalSection
	GlobalSection(ExtensibilityGlobals) = postSolution
		SolutionGuid = {904BBCB6-44B0-4E84-8692-5C27258BCED0}
	EndGlobalSection
EndGlobal
